
Microsoft Visual Studio Solution File, Format Version 12.00
# Visual Studio Version 16
VisualStudioVersion = 16.0.30907.101
MinimumVisualStudioVersion = 10.0.40219.1
Project("{FAE04EC0-301F-11D3-BF4B-00C04F79EFBC}") = "praktic2", "praktic2\praktic2.csproj", "{C0E58266-5642-407E-BFAD-D29D3C5FBD11}"
EndProject
Global
	GlobalSection(SolutionConfigurationPlatforms) = preSolution
		Debug|Any CPU = Debug|Any CPU
		Release|Any CPU = Release|Any CPU
	EndGlobalSection
	GlobalSection(ProjectConfigurationPlatforms) = postSolution
		{C0E58266-5642-407E-BFAD-D29D3C5FBD11}.Debug|Any CPU.ActiveCfg = Debug|Any CPU
		{C0E58266-5642-407E-BFAD-D29D3C5FBD11}.Debug|Any CPU.Build.0 = Debug|Any CPU
		{C0E58266-5642-407E-BFAD-D29D3C5FBD11}.Release|Any CPU.ActiveCfg = Release|Any CPU
		{C0E58266-5642-407E-BFAD-D29D3C5FBD11}.Release|Any CPU.Build.0 = Release|Any CPU
	EndGlobalSection
	GlobalSection(SolutionProperties) = preSolution
		HideSolutionNode = FALSE
	EndGlobalSection
	GlobalSection(ExtensibilityGlobals) = postSolution
		SolutionGuid = {FA1C293E-1DF1-485E-804D-D9122CEF47E1}
	EndGlobalSection
EndGlobal
